{
  "name": "codex-session-webui",
  "version": "0.1.0",
  "lockfileVersion": 3,
  "requires": true,
  "packages": {
    "": {
      "name": "codex-session-webui",
      "version": "0.1.0",
      "license": "MIT",
      "bin": {
        "codex-session-webui": "bin/codex-session-webui.js"
      }
    }
  }
}
